
Microsoft Visual Studio Solution File, Format Version 12.00
# Visual Studio Version 17
VisualStudioVersion = 17.7.34024.191
MinimumVisualStudioVersion = 10.0.40219.1
Project("{FAE04EC0-301F-11D3-BF4B-00C04F79EFBC}") = "Ejercicio03", "Ejercicio03.csproj", "{4935A1C7-3D23-4524-A74A-32C6D40449A2}"
EndProject
Global
	GlobalSection(SolutionConfigurationPlatforms) = preSolution
		Debug|Any CPU = Debug|Any CPU
		Release|Any CPU = Release|Any CPU
	EndGlobalSection
	GlobalSection(ProjectConfigurationPlatforms) = postSolution
		{4935A1C7-3D23-4524-A74A-32C6D40449A2}.Debug|Any CPU.ActiveCfg = Debug|Any CPU
		{4935A1C7-3D23-4524-A74A-32C6D40449A2}.Debug|Any CPU.Build.0 = Debug|Any CPU
		{4935A1C7-3D23-4524-A74A-32C6D40449A2}.Release|Any CPU.ActiveCfg = Release|Any CPU
		{4935A1C7-3D23-4524-A74A-32C6D40449A2}.Release|Any CPU.Build.0 = Release|Any CPU
	EndGlobalSection
	GlobalSection(SolutionProperties) = preSolution
		HideSolutionNode = FALSE
	EndGlobalSection
	GlobalSection(ExtensibilityGlobals) = postSolution
		SolutionGuid = {D9890532-358A-4ABC-A584-1EC67B035BCA}
	EndGlobalSection
EndGlobal
