
Microsoft Visual Studio Solution File, Format Version 12.00
# Visual Studio Version 17
VisualStudioVersion = 17.7.34024.191
MinimumVisualStudioVersion = 10.0.40219.1
Project("{FAE04EC0-301F-11D3-BF4B-00C04F79EFBC}") = "Ejercicio09", "Ejercicio09.csproj", "{546FA5BF-BEF1-462E-83EB-B1BBF25DEF40}"
EndProject
Global
	GlobalSection(SolutionConfigurationPlatforms) = preSolution
		Debug|Any CPU = Debug|Any CPU
		Release|Any CPU = Release|Any CPU
	EndGlobalSection
	GlobalSection(ProjectConfigurationPlatforms) = postSolution
		{546FA5BF-BEF1-462E-83EB-B1BBF25DEF40}.Debug|Any CPU.ActiveCfg = Debug|Any CPU
		{546FA5BF-BEF1-462E-83EB-B1BBF25DEF40}.Debug|Any CPU.Build.0 = Debug|Any CPU
		{546FA5BF-BEF1-462E-83EB-B1BBF25DEF40}.Release|Any CPU.ActiveCfg = Release|Any CPU
		{546FA5BF-BEF1-462E-83EB-B1BBF25DEF40}.Release|Any CPU.Build.0 = Release|Any CPU
	EndGlobalSection
	GlobalSection(SolutionProperties) = preSolution
		HideSolutionNode = FALSE
	EndGlobalSection
	GlobalSection(ExtensibilityGlobals) = postSolution
		SolutionGuid = {E4AD46ED-6760-48FB-BAB5-DA5521D2E866}
	EndGlobalSection
EndGlobal
